
Microsoft Visual Studio Solution File, Format Version 12.00
# Visual Studio Version 17
VisualStudioVersion = 17.4.33103.184
MinimumVisualStudioVersion = 10.0.40219.1
Project("{9A19103F-16F7-4668-BE54-9A1E7A4F7556}") = "ShopOnline.Web", "ShopOnline.Web\ShopOnline.Web.csproj", "{7FFBA1E2-B299-4B40-B4E3-267CC59B3787}"
EndProject
Project("{9A19103F-16F7-4668-BE54-9A1E7A4F7556}") = "ShopOnline.Api", "ShopOnline.Api\ShopOnline.Api.csproj", "{0FBDECB5-BB5D-4315-B80B-FC8C82A96EAC}"
EndProject
Project("{9A19103F-16F7-4668-BE54-9A1E7A4F7556}") = "ShopOnline.Models", "ShopOnline.Models\ShopOnline.Models.csproj", "{34AE64DB-365D-417B-8C87-EB4691989A47}"
EndProject
Global
	GlobalSection(SolutionConfigurationPlatforms) = preSolution
		Debug|Any CPU = Debug|Any CPU
		Release|Any CPU = Release|Any CPU
	EndGlobalSection
	GlobalSection(ProjectConfigurationPlatforms) = postSolution
		{7FFBA1E2-B299-4B40-B4E3-267CC59B3787}.Debug|Any CPU.ActiveCfg = Debug|Any CPU
		{7FFBA1E2-B299-4B40-B4E3-267CC59B3787}.Debug|Any CPU.Build.0 = Debug|Any CPU
		{7FFBA1E2-B299-4B40-B4E3-267CC59B3787}.Release|Any CPU.ActiveCfg = Release|Any CPU
		{7FFBA1E2-B299-4B40-B4E3-267CC59B3787}.Release|Any CPU.Build.0 = Release|Any CPU
		{0FBDECB5-BB5D-4315-B80B-FC8C82A96EAC}.Debug|Any CPU.ActiveCfg = Debug|Any CPU
		{0FBDECB5-BB5D-4315-B80B-FC8C82A96EAC}.Debug|Any CPU.Build.0 = Debug|Any CPU
		{0FBDECB5-BB5D-4315-B80B-FC8C82A96EAC}.Release|Any CPU.ActiveCfg = Release|Any CPU
		{0FBDECB5-BB5D-4315-B80B-FC8C82A96EAC}.Release|Any CPU.Build.0 = Release|Any CPU
		{34AE64DB-365D-417B-8C87-EB4691989A47}.Debug|Any CPU.ActiveCfg = Debug|Any CPU
		{34AE64DB-365D-417B-8C87-EB4691989A47}.Debug|Any CPU.Build.0 = Debug|Any CPU
		{34AE64DB-365D-417B-8C87-EB4691989A47}.Release|Any CPU.ActiveCfg = Release|Any CPU
		{34AE64DB-365D-417B-8C87-EB4691989A47}.Release|Any CPU.Build.0 = Release|Any CPU
	EndGlobalSection
	GlobalSection(SolutionProperties) = preSolution
		HideSolutionNode = FALSE
	EndGlobalSection
	GlobalSection(ExtensibilityGlobals) = postSolution
		SolutionGuid = {194A4B41-710A-46DB-A55C-BB4FDC67890E}
	EndGlobalSection
EndGlobal
